# @generated by Move, please check-in and do not edit manually.

[move]
version = 3
manifest_digest = "48CE99FCCAAF219380AB88EC3907730A1857AE9D77C76DE385774F0F29015048"
deps_digest = "F8BBB0CCB2491CA29A3DF03D6F92277A4F3574266507ACD77214D37ECA3F3082"
dependencies = [
  { id = "Sui", name = "Sui" },
]

[[move.package]]
id = "MoveStdlib"
source = { git = "https://github.com/MystenLabs/sui.git", rev = "framework/devnet", subdir = "crates/sui-framework/packages/move-stdlib" }

[[move.package]]
id = "Sui"
source = { git = "https://github.com/MystenLabs/sui.git", rev = "framework/devnet", subdir = "crates/sui-framework/packages/sui-framework" }

dependencies = [
  { id = "MoveStdlib", name = "MoveStdlib" },
]

[move.toolchain-version]
compiler-version = "1.61.2"
edition = "2024.beta"
flavor = "sui"

[env]

[env.devnet]
chain-id = "a4bc10c3"
original-published-id = "0xcb4a24b70fd0441c41ceb7628d3af94b82b9b11b9453cfefcc4ff5d4ecdafa0d"
latest-published-id = "0xcb4a24b70fd0441c41ceb7628d3af94b82b9b11b9453cfefcc4ff5d4ecdafa0d"
published-version = "1"
